
Microsoft Visual Studio Solution File, Format Version 12.00
# Visual Studio Version 17
VisualStudioVersion = 17.11.35327.3
MinimumVisualStudioVersion = 10.0.40219.1
Project("{FAE04EC0-301F-11D3-BF4B-00C04F79EFBC}") = "WFAlert", "WFAlert\WFAlert.csproj", "{045B148F-4C8B-49AB-9F5C-6764453EAAC1}"
EndProject
Project("{FAE04EC0-301F-11D3-BF4B-00C04F79EFBC}") = "WFAlertTest", "WFAlertTest\WFAlertTest.csproj", "{981EAF73-F067-47E3-AB5E-BD9D70609336}"
EndProject
Global
	GlobalSection(SolutionConfigurationPlatforms) = preSolution
		Debug|Any CPU = Debug|Any CPU
		Release|Any CPU = Release|Any CPU
	EndGlobalSection
	GlobalSection(ProjectConfigurationPlatforms) = postSolution
		{045B148F-4C8B-49AB-9F5C-6764453EAAC1}.Debug|Any CPU.ActiveCfg = Debug|Any CPU
		{045B148F-4C8B-49AB-9F5C-6764453EAAC1}.Debug|Any CPU.Build.0 = Debug|Any CPU
		{045B148F-4C8B-49AB-9F5C-6764453EAAC1}.Release|Any CPU.ActiveCfg = Release|Any CPU
		{045B148F-4C8B-49AB-9F5C-6764453EAAC1}.Release|Any CPU.Build.0 = Release|Any CPU
		{981EAF73-F067-47E3-AB5E-BD9D70609336}.Debug|Any CPU.ActiveCfg = Debug|Any CPU
		{981EAF73-F067-47E3-AB5E-BD9D70609336}.Debug|Any CPU.Build.0 = Debug|Any CPU
		{981EAF73-F067-47E3-AB5E-BD9D70609336}.Release|Any CPU.ActiveCfg = Release|Any CPU
		{981EAF73-F067-47E3-AB5E-BD9D70609336}.Release|Any CPU.Build.0 = Release|Any CPU
	EndGlobalSection
	GlobalSection(SolutionProperties) = preSolution
		HideSolutionNode = FALSE
	EndGlobalSection
	GlobalSection(ExtensibilityGlobals) = postSolution
		SolutionGuid = {139DB8A5-BE81-455C-9A1F-521CFA078C3B}
	EndGlobalSection
EndGlobal
